
Microsoft Visual Studio Solution File, Format Version 12.00
# Visual Studio 14
VisualStudioVersion = 14.0.25420.1
MinimumVisualStudioVersion = 10.0.40219.1
Project("{FAE04EC0-301F-11D3-BF4B-00C04F79EFBC}") = "LeagueTable", "LeagueTable\LeagueTable.csproj", "{AEA3723A-95E1-4D1D-837C-B943080336CE}"
EndProject
Global
	GlobalSection(SolutionConfigurationPlatforms) = preSolution
		Debug|Any CPU = Debug|Any CPU
		Release|Any CPU = Release|Any CPU
	EndGlobalSection
	GlobalSection(ProjectConfigurationPlatforms) = postSolution
		{AEA3723A-95E1-4D1D-837C-B943080336CE}.Debug|Any CPU.ActiveCfg = Debug|Any CPU
		{AEA3723A-95E1-4D1D-837C-B943080336CE}.Debug|Any CPU.Build.0 = Debug|Any CPU
		{AEA3723A-95E1-4D1D-837C-B943080336CE}.Release|Any CPU.ActiveCfg = Release|Any CPU
		{AEA3723A-95E1-4D1D-837C-B943080336CE}.Release|Any CPU.Build.0 = Release|Any CPU
	EndGlobalSection
	GlobalSection(SolutionProperties) = preSolution
		HideSolutionNode = FALSE
	EndGlobalSection
EndGlobal
